// !$*UTF8*$!
{
	archiveVersion = 1;
	classes = {
	};
	objectVersion = 46;
	objects = {

/* Begin PBXBuildFile section */
		4C197F5C1C25A4CF001AE296 /* Vote.swift in Sources */ = {isa = PBXBuildFile; fileRef = 4C197F5B1C25A4CF001AE296 /* Vote.swift */; };
		4C197F771C25A9CC001AE296 /* InstantRunnoffVotingUnitTests.swift in Sources */ = {isa = PBXBuildFile; fileRef = 4C197F761C25A9CC001AE296 /* InstantRunnoffVotingUnitTests.swift */; };
		4C197F861C25B130001AE296 /* VoteCounter.swift in Sources */ = {isa = PBXBuildFile; fileRef = 4C197F851C25B130001AE296 /* VoteCounter.swift */; };
		4C197F871C25B130001AE296 /* VoteCounter.swift in Sources */ = {isa = PBXBuildFile; fileRef = 4C197F851C25B130001AE296 /* VoteCounter.swift */; };
		4C2F11DA1DFBF5FA007624EA /* Utilities.swift in Sources */ = {isa = PBXBuildFile; fileRef = 4C2F11D91DFBF5FA007624EA /* Utilities.swift */; };
		4C2F11DB1DFBF5FA007624EA /* Utilities.swift in Sources */ = {isa = PBXBuildFile; fileRef = 4C2F11D91DFBF5FA007624EA /* Utilities.swift */; };
		4C88D5161CDE4F9B00923ADC /* main.swift in Sources */ = {isa = PBXBuildFile; fileRef = 4C88D5151CDE4F9B00923ADC /* main.swift */; };
		4C98CE0D1C44432900089109 /* InstantRunnoffVotingPerformanceTest.swift in Sources */ = {isa = PBXBuildFile; fileRef = 4C98CE0C1C44432900089109 /* InstantRunnoffVotingPerformanceTest.swift */; };
		4CB86C291C26C6F600289FBC /* Vote.swift in Sources */ = {isa = PBXBuildFile; fileRef = 4C197F5B1C25A4CF001AE296 /* Vote.swift */; };
		4CD20A261C37F7550080F11F /* VoteCountingRound.swift in Sources */ = {isa = PBXBuildFile; fileRef = 4CD20A251C37F7550080F11F /* VoteCountingRound.swift */; };
		4CD20A271C37F7550080F11F /* VoteCountingRound.swift in Sources */ = {isa = PBXBuildFile; fileRef = 4CD20A251C37F7550080F11F /* VoteCountingRound.swift */; };
/* End PBXBuildFile section */

/* Begin PBXCopyFilesBuildPhase section */
		4C197F4F1C25A4B6001AE296 /* CopyFiles */ = {
			isa = PBXCopyFilesBuildPhase;
			buildActionMask = 2147483647;
			dstPath = /usr/share/man/man1/;
			dstSubfolderSpec = 0;
			files = (
			);
			runOnlyForDeploymentPostprocessing = 1;
		};
/* End PBXCopyFilesBuildPhase section */

/* Begin PBXFileReference section */
		4C197F511C25A4B6001AE296 /* InstantRunoffVoting */ = {isa = PBXFileReference; explicitFileType = "compiled.mach-o.executable"; includeInIndex = 0; path = InstantRunoffVoting; sourceTree = BUILT_PRODUCTS_DIR; };
		4C197F5B1C25A4CF001AE296 /* Vote.swift */ = {isa = PBXFileReference; fileEncoding = 4; lastKnownFileType = sourcecode.swift; path = Vote.swift; sourceTree = "<group>"; };
		4C197F741C25A9CC001AE296 /* InstantRunnoffVotingUnitTests.xctest */ = {isa = PBXFileReference; explicitFileType = wrapper.cfbundle; includeInIndex = 0; path = InstantRunnoffVotingUnitTests.xctest; sourceTree = BUILT_PRODUCTS_DIR; };
		4C197F761C25A9CC001AE296 /* InstantRunnoffVotingUnitTests.swift */ = {isa = PBXFileReference; lastKnownFileType = sourcecode.swift; path = InstantRunnoffVotingUnitTests.swift; sourceTree = "<group>"; };
		4C197F851C25B130001AE296 /* VoteCounter.swift */ = {isa = PBXFileReference; fileEncoding = 4; lastKnownFileType = sourcecode.swift; path = VoteCounter.swift; sourceTree = "<group>"; };
		4C2F11D91DFBF5FA007624EA /* Utilities.swift */ = {isa = PBXFileReference; fileEncoding = 4; lastKnownFileType = sourcecode.swift; path = Utilities.swift; sourceTree = "<group>"; };
		4C88D5151CDE4F9B00923ADC /* main.swift */ = {isa = PBXFileReference; fileEncoding = 4; lastKnownFileType = sourcecode.swift; path = main.swift; sourceTree = "<group>"; };
		4C98CE0C1C44432900089109 /* InstantRunnoffVotingPerformanceTest.swift */ = {isa = PBXFileReference; fileEncoding = 4; lastKnownFileType = sourcecode.swift; path = InstantRunnoffVotingPerformanceTest.swift; sourceTree = "<group>"; };
		4CD20A251C37F7550080F11F /* VoteCountingRound.swift */ = {isa = PBXFileReference; fileEncoding = 4; lastKnownFileType = sourcecode.swift; path = VoteCountingRound.swift; sourceTree = "<group>"; };
/* End PBXFileReference section */

/* Begin PBXFrameworksBuildPhase section */
		4C197F4E1C25A4B6001AE296 /* Frameworks */ = {
			isa = PBXFrameworksBuildPhase;
			buildActionMask = 2147483647;
			files = (
			);
			runOnlyForDeploymentPostprocessing = 0;
		};
		4C197F711C25A9CC001AE296 /* Frameworks */ = {
			isa = PBXFrameworksBuildPhase;
			buildActionMask = 2147483647;
			files = (
			);
			runOnlyForDeploymentPostprocessing = 0;
		};
/* End PBXFrameworksBuildPhase section */

/* Begin PBXGroup section */
		4C197F481C25A4B6001AE296 = {
			isa = PBXGroup;
			children = (
				4C88D5141CDE4F8C00923ADC /* Main */,
				4C197F531C25A4B6001AE296 /* InstantRunoffVoting */,
				4C197F751C25A9CC001AE296 /* InstantRunnoffVotingUnitTests */,
				4C197F521C25A4B6001AE296 /* Products */,
			);
			sourceTree = "<group>";
		};
		4C197F521C25A4B6001AE296 /* Products */ = {
			isa = PBXGroup;
			children = (
				4C197F511C25A4B6001AE296 /* InstantRunoffVoting */,
				4C197F741C25A9CC001AE296 /* InstantRunnoffVotingUnitTests.xctest */,
			);
			name = Products;
			sourceTree = "<group>";
		};
		4C197F531C25A4B6001AE296 /* InstantRunoffVoting */ = {
			isa = PBXGroup;
			children = (
				4C197F5B1C25A4CF001AE296 /* Vote.swift */,
				4C197F851C25B130001AE296 /* VoteCounter.swift */,
				4CD20A251C37F7550080F11F /* VoteCountingRound.swift */,
				4C2F11D91DFBF5FA007624EA /* Utilities.swift */,
			);
			path = InstantRunoffVoting;
			sourceTree = SOURCE_ROOT;
		};
		4C197F751C25A9CC001AE296 /* InstantRunnoffVotingUnitTests */ = {
			isa = PBXGroup;
			children = (
				4C197F761C25A9CC001AE296 /* InstantRunnoffVotingUnitTests.swift */,
				4C98CE0C1C44432900089109 /* InstantRunnoffVotingPerformanceTest.swift */,
			);
			path = InstantRunnoffVotingUnitTests;
			sourceTree = SOURCE_ROOT;
		};
		4C88D5141CDE4F8C00923ADC /* Main */ = {
			isa = PBXGroup;
			children = (
				4C88D5151CDE4F9B00923ADC /* main.swift */,
			);
			name = Main;
			sourceTree = "<group>";
		};
/* End PBXGroup section */

/* Begin PBXNativeTarget section */
		4C197F501C25A4B6001AE296 /* InstantRunoffVoting */ = {
			isa = PBXNativeTarget;
			buildConfigurationList = 4C197F581C25A4B6001AE296 /* Build configuration list for PBXNativeTarget "InstantRunoffVoting" */;
			buildPhases = (
				4C197F4D1C25A4B6001AE296 /* Sources */,
				4C197F4E1C25A4B6001AE296 /* Frameworks */,
				4C197F4F1C25A4B6001AE296 /* CopyFiles */,
			);
			buildRules = (
			);
			dependencies = (
			);
			name = InstantRunoffVoting;
			productName = InstantRunoffVoting;
			productReference = 4C197F511C25A4B6001AE296 /* InstantRunoffVoting */;
			productType = "com.apple.product-type.tool";
		};
		4C197F731C25A9CC001AE296 /* InstantRunnoffVotingUnitTests */ = {
			isa = PBXNativeTarget;
			buildConfigurationList = 4C197F791C25A9CC001AE296 /* Build configuration list for PBXNativeTarget "InstantRunnoffVotingUnitTests" */;
			buildPhases = (
				4C197F701C25A9CC001AE296 /* Sources */,
				4C197F711C25A9CC001AE296 /* Frameworks */,
				4C197F721C25A9CC001AE296 /* Resources */,
			);
			buildRules = (
			);
			dependencies = (
			);
			name = InstantRunnoffVotingUnitTests;
			productName = InstantRunnoffVotingUnitTests;
			productReference = 4C197F741C25A9CC001AE296 /* InstantRunnoffVotingUnitTests.xctest */;
			productType = "com.apple.product-type.bundle.unit-test";
		};
/* End PBXNativeTarget section */

/* Begin PBXProject section */
		4C197F491C25A4B6001AE296 /* Project object */ = {
			isa = PBXProject;
			attributes = {
				LastUpgradeCheck = 0930;
				ORGANIZATIONNAME = "Michael Holmgren";
				TargetAttributes = {
					4C197F501C25A4B6001AE296 = {
						CreatedOnToolsVersion = 7.0;
						LastSwiftMigration = 0900;
					};
					4C197F731C25A9CC001AE296 = {
						CreatedOnToolsVersion = 7.0;
						LastSwiftMigration = 0900;
					};
				};
			};
			buildConfigurationList = 4C197F4C1C25A4B6001AE296 /* Build configuration list for PBXProject "InstantRunoffVoting" */;
			compatibilityVersion = "Xcode 3.2";
			developmentRegion = English;
			hasScannedForEncodings = 0;
			knownRegions = (
				en,
			);
			mainGroup = 4C197F481C25A4B6001AE296;
			productRefGroup = 4C197F521C25A4B6001AE296 /* Products */;
			projectDirPath = "";
			projectRoot = "";
			targets = (
				4C197F501C25A4B6001AE296 /* InstantRunoffVoting */,
				4C197F731C25A9CC001AE296 /* InstantRunnoffVotingUnitTests */,
			);
		};
/* End PBXProject section */

/* Begin PBXResourcesBuildPhase section */
		4C197F721C25A9CC001AE296 /* Resources */ = {
			isa = PBXResourcesBuildPhase;
			buildActionMask = 2147483647;
			files = (
			);
			runOnlyForDeploymentPostprocessing = 0;
		};
/* End PBXResourcesBuildPhase section */

/* Begin PBXSourcesBuildPhase section */
		4C197F4D1C25A4B6001AE296 /* Sources */ = {
			isa = PBXSourcesBuildPhase;
			buildActionMask = 2147483647;
			files = (
				4C88D5161CDE4F9B00923ADC /* main.swift in Sources */,
				4C2F11DA1DFBF5FA007624EA /* Utilities.swift in Sources */,
				4C197F5C1C25A4CF001AE296 /* Vote.swift in Sources */,
				4C197F861C25B130001AE296 /* VoteCounter.swift in Sources */,
				4CD20A261C37F7550080F11F /* VoteCountingRound.swift in Sources */,
			);
			runOnlyForDeploymentPostprocessing = 0;
		};
		4C197F701C25A9CC001AE296 /* Sources */ = {
			isa = PBXSourcesBuildPhase;
			buildActionMask = 2147483647;
			files = (
				4C197F771C25A9CC001AE296 /* InstantRunnoffVotingUnitTests.swift in Sources */,
				4C197F871C25B130001AE296 /* VoteCounter.swift in Sources */,
				4C98CE0D1C44432900089109 /* InstantRunnoffVotingPerformanceTest.swift in Sources */,
				4CB86C291C26C6F600289FBC /* Vote.swift in Sources */,
				4C2F11DB1DFBF5FA007624EA /* Utilities.swift in Sources */,
				4CD20A271C37F7550080F11F /* VoteCountingRound.swift in Sources */,
			);
			runOnlyForDeploymentPostprocessing = 0;
		};
/* End PBXSourcesBuildPhase section */

/* Begin XCBuildConfiguration section */
		4C197F561C25A4B6001AE296 /* Debug */ = {
			isa = XCBuildConfiguration;
			buildSettings = {
				ALWAYS_SEARCH_USER_PATHS = NO;
				CLANG_CXX_LANGUAGE_STANDARD = "gnu++0x";
				CLANG_CXX_LIBRARY = "libc++";
				CLANG_ENABLE_MODULES = YES;
				CLANG_ENABLE_OBJC_ARC = YES;
				CLANG_WARN_BLOCK_CAPTURE_AUTORELEASING = YES;
				CLANG_WARN_BOOL_CONVERSION = YES;
				CLANG_WARN_COMMA = YES;
				CLANG_WARN_CONSTANT_CONVERSION = YES;
				CLANG_WARN_DEPRECATED_OBJC_IMPLEMENTATIONS = YES;
				CLANG_WARN_DIRECT_OBJC_ISA_USAGE = YES_ERROR;
				CLANG_WARN_EMPTY_BODY = YES;
				CLANG_WARN_ENUM_CONVERSION = YES;
				CLANG_WARN_INFINITE_RECURSION = YES;
				CLANG_WARN_INT_CONVERSION = YES;
				CLANG_WARN_NON_LITERAL_NULL_CONVERSION = YES;
				CLANG_WARN_OBJC_IMPLICIT_RETAIN_SELF = YES;
				CLANG_WARN_OBJC_LITERAL_CONVERSION = YES;
				CLANG_WARN_OBJC_ROOT_CLASS = YES_ERROR;
				CLANG_WARN_RANGE_LOOP_ANALYSIS = YES;
				CLANG_WARN_STRICT_PROTOTYPES = YES;
				CLANG_WARN_SUSPICIOUS_MOVE = YES;
				CLANG_WARN_UNREACHABLE_CODE = YES;
				CLANG_WARN__DUPLICATE_METHOD_MATCH = YES;
				COPY_PHASE_STRIP = NO;
				DEBUG_INFORMATION_FORMAT = dwarf;
				ENABLE_STRICT_OBJC_MSGSEND = YES;
				ENABLE_TESTABILITY = YES;
				GCC_C_LANGUAGE_STANDARD = gnu99;
				GCC_DYNAMIC_NO_PIC = NO;
				GCC_NO_COMMON_BLOCKS = YES;
				GCC_OPTIMIZATION_LEVEL = fast;
				GCC_PREPROCESSOR_DEFINITIONS = (
					"DEBUG=1",
					"$(inherited)",
				);
				GCC_WARN_64_TO_32_BIT_CONVERSION = YES;
				GCC_WARN_ABOUT_RETURN_TYPE = YES_ERROR;
				GCC_WARN_UNDECLARED_SELECTOR = YES;
				GCC_WARN_UNINITIALIZED_AUTOS = YES_AGGRESSIVE;
				GCC_WARN_UNUSED_FUNCTION = YES;
				GCC_WARN_UNUSED_VARIABLE = YES;
				MACOSX_DEPLOYMENT_TARGET = 10.11;
				MTL_ENABLE_DEBUG_INFO = YES;
				ONLY_ACTIVE_ARCH = YES;
				SDKROOT = macosx;
				SWIFT_DISABLE_SAFETY_CHECKS = NO;
				SWIFT_OPTIMIZATION_LEVEL = "-Owholemodule";
				SWIFT_SWIFT3_OBJC_INFERENCE = Off;
				SWIFT_VERSION = 4.2;
			};
			name = Debug;
		};
		4C197F571C25A4B6001AE296 /* Release */ = {
			isa = XCBuildConfiguration;
			buildSettings = {
				ALWAYS_SEARCH_USER_PATHS = NO;
				CLANG_CXX_LANGUAGE_STANDARD = "gnu++0x";
				CLANG_CXX_LIBRARY = "libc++";
				CLANG_ENABLE_MODULES = YES;
				CLANG_ENABLE_OBJC_ARC = YES;
				CLANG_WARN_BLOCK_CAPTURE_AUTORELEASING = YES;
				CLANG_WARN_BOOL_CONVERSION = YES;
				CLANG_WARN_COMMA = YES;
				CLANG_WARN_CONSTANT_CONVERSION = YES;
				CLANG_WARN_DEPRECATED_OBJC_IMPLEMENTATIONS = YES;
				CLANG_WARN_DIRECT_OBJC_ISA_USAGE = YES_ERROR;
				CLANG_WARN_EMPTY_BODY = YES;
				CLANG_WARN_ENUM_CONVERSION = YES;
				CLANG_WARN_INFINITE_RECURSION = YES;
				CLANG_WARN_INT_CONVERSION = YES;
				CLANG_WARN_NON_LITERAL_NULL_CONVERSION = YES;
				CLANG_WARN_OBJC_IMPLICIT_RETAIN_SELF = YES;
				CLANG_WARN_OBJC_LITERAL_CONVERSION = YES;
				CLANG_WARN_OBJC_ROOT_CLASS = YES_ERROR;
				CLANG_WARN_RANGE_LOOP_ANALYSIS = YES;
				CLANG_WARN_STRICT_PROTOTYPES = YES;
				CLANG_WARN_SUSPICIOUS_MOVE = YES;
				CLANG_WARN_UNREACHABLE_CODE = YES;
				CLANG_WARN__DUPLICATE_METHOD_MATCH = YES;
				COPY_PHASE_STRIP = NO;
				DEBUG_INFORMATION_FORMAT = "dwarf-with-dsym";
				ENABLE_NS_ASSERTIONS = NO;
				ENABLE_STRICT_OBJC_MSGSEND = YES;
				GCC_C_LANGUAGE_STANDARD = gnu99;
				GCC_NO_COMMON_BLOCKS = YES;
				GCC_OPTIMIZATION_LEVEL = fast;
				GCC_WARN_64_TO_32_BIT_CONVERSION = YES;
				GCC_WARN_ABOUT_RETURN_TYPE = YES_ERROR;
				GCC_WARN_UNDECLARED_SELECTOR = YES;
				GCC_WARN_UNINITIALIZED_AUTOS = YES_AGGRESSIVE;
				GCC_WARN_UNUSED_FUNCTION = YES;
				GCC_WARN_UNUSED_VARIABLE = YES;
				MACOSX_DEPLOYMENT_TARGET = 10.11;
				MTL_ENABLE_DEBUG_INFO = NO;
				SDKROOT = macosx;
				SWIFT_DISABLE_SAFETY_CHECKS = NO;
				SWIFT_OPTIMIZATION_LEVEL = "-Owholemodule";
				SWIFT_SWIFT3_OBJC_INFERENCE = Off;
				SWIFT_VERSION = 4.2;
			};
			name = Release;
		};
		4C197F591C25A4B6001AE296 /* Debug */ = {
			isa = XCBuildConfiguration;
			buildSettings = {
				PRODUCT_NAME = "$(TARGET_NAME)";
				SWIFT_SWIFT3_OBJC_INFERENCE = Off;
				SWIFT_VERSION = 4.2;
			};
			name = Debug;
		};
		4C197F5A1C25A4B6001AE296 /* Release */ = {
			isa = XCBuildConfiguration;
			buildSettings = {
				PRODUCT_NAME = "$(TARGET_NAME)";
				SWIFT_OPTIMIZATION_LEVEL = "-Owholemodule";
				SWIFT_SWIFT3_OBJC_INFERENCE = Off;
				SWIFT_VERSION = 4.2;
			};
			name = Release;
		};
		4C197F7A1C25A9CC001AE296 /* Debug */ = {
			isa = XCBuildConfiguration;
			buildSettings = {
				COMBINE_HIDPI_IMAGES = YES;
				GCC_OPTIMIZATION_LEVEL = 0;
				INFOPLIST_FILE = InstantRunnoffVotingUnitTests/Info.plist;
				LD_RUNPATH_SEARCH_PATHS = "$(inherited) @executable_path/../Frameworks @loader_path/../Frameworks";
				PRODUCT_BUNDLE_IDENTIFIER = MH.InstantRunnoffVotingUnitTests;
				PRODUCT_NAME = "$(TARGET_NAME)";
				SWIFT_OPTIMIZATION_LEVEL = "-Owholemodule";
				SWIFT_SWIFT3_OBJC_INFERENCE = Default;
				SWIFT_VERSION = 4.2;
			};
			name = Debug;
		};
		4C197F7B1C25A9CC001AE296 /* Release */ = {
			isa = XCBuildConfiguration;
			buildSettings = {
				COMBINE_HIDPI_IMAGES = YES;
				GCC_OPTIMIZATION_LEVEL = s;
				INFOPLIST_FILE = InstantRunnoffVotingUnitTests/Info.plist;
				LD_RUNPATH_SEARCH_PATHS = "$(inherited) @executable_path/../Frameworks @loader_path/../Frameworks";
				PRODUCT_BUNDLE_IDENTIFIER = MH.InstantRunnoffVotingUnitTests;
				PRODUCT_NAME = "$(TARGET_NAME)";
				SWIFT_OPTIMIZATION_LEVEL = "-Owholemodule";
				SWIFT_SWIFT3_OBJC_INFERENCE = Default;
				SWIFT_VERSION = 4.2;
			};
			name = Release;
		};
/* End XCBuildConfiguration section */

/* Begin XCConfigurationList section */
		4C197F4C1C25A4B6001AE296 /* Build configuration list for PBXProject "InstantRunoffVoting" */ = {
			isa = XCConfigurationList;
			buildConfigurations = (
				4C197F561C25A4B6001AE296 /* Debug */,
				4C197F571C25A4B6001AE296 /* Release */,
			);
			defaultConfigurationIsVisible = 0;
			defaultConfigurationName = Release;
		};
		4C197F581C25A4B6001AE296 /* Build configuration list for PBXNativeTarget "InstantRunoffVoting" */ = {
			isa = XCConfigurationList;
			buildConfigurations = (
				4C197F591C25A4B6001AE296 /* Debug */,
				4C197F5A1C25A4B6001AE296 /* Release */,
			);
			defaultConfigurationIsVisible = 0;
			defaultConfigurationName = Release;
		};
		4C197F791C25A9CC001AE296 /* Build configuration list for PBXNativeTarget "InstantRunnoffVotingUnitTests" */ = {
			isa = XCConfigurationList;
			buildConfigurations = (
				4C197F7A1C25A9CC001AE296 /* Debug */,
				4C197F7B1C25A9CC001AE296 /* Release */,
			);
			defaultConfigurationIsVisible = 0;
			defaultConfigurationName = Release;
		};
/* End XCConfigurationList section */
	};
	rootObject = 4C197F491C25A4B6001AE296 /* Project object */;
}
